// !$*UTF8*$!
{
	archiveVersion = 1;
	classes = {
	};
	objectVersion = 55;
	objects = {

/* Begin PBXBuildFile section */
		198A901F0BA39304CA7AB442 /* HourForecast.swift in Sources */ = {isa = PBXBuildFile; fileRef = 198A920BA979B31A7C017810 /* HourForecast.swift */; };
		198A913109BF7ED90722DC9F /* Temperature.swift in Sources */ = {isa = PBXBuildFile; fileRef = 198A9BA7D219F3050E735B25 /* Temperature.swift */; };
		198A925EC7B02796DA36295D /* MainModel.swift in Sources */ = {isa = PBXBuildFile; fileRef = 198A9554E301BA9DA83C9DF6 /* MainModel.swift */; };
		198A927E54631036EFD23357 /* DailyFrecastTableViewCell.swift in Sources */ = {isa = PBXBuildFile; fileRef = 198A99D6FE16C83397B93C6F /* DailyFrecastTableViewCell.swift */; };
		198A94E2D323BB4CF0E00585 /* UISearchBar+Look.swift in Sources */ = {isa = PBXBuildFile; fileRef = 198A92C1C21721D3D9307B35 /* UISearchBar+Look.swift */; };
		198A94F0954E1BD08021FE47 /* Location.swift in Sources */ = {isa = PBXBuildFile; fileRef = 198A9E1E8D4531EAEF435F6A /* Location.swift */; };
		198A952F3D67BA41BBE15E85 /* GradientView.swift in Sources */ = {isa = PBXBuildFile; fileRef = 198A9545138807EE210573AE /* GradientView.swift */; };
		198A953CF3E8007D004D28AE /* UIView+Round.swift in Sources */ = {isa = PBXBuildFile; fileRef = 198A9C05A4A09D37DA746F0E /* UIView+Round.swift */; };
		198A96201D08D92CCDF015D0 /* WeatherConditions.swift in Sources */ = {isa = PBXBuildFile; fileRef = 198A9FDCC5217CC1F040AA62 /* WeatherConditions.swift */; };
		198A96872983DA847D27668E /* Country.swift in Sources */ = {isa = PBXBuildFile; fileRef = 198A91A81301ED34BF0D5934 /* Country.swift */; };
		198A969FE82DF88D25542881 /* TemperatureForecast.swift in Sources */ = {isa = PBXBuildFile; fileRef = 198A987AA420F6B181E0FB83 /* TemperatureForecast.swift */; };
		198A970C835D090ACC15060B /* NetworkRepository.swift in Sources */ = {isa = PBXBuildFile; fileRef = 198A90B4772867503AC15E9D /* NetworkRepository.swift */; };
		198A970E6C11EDD7C6B0B5B2 /* HourForecastCollectionViewCell.swift in Sources */ = {isa = PBXBuildFile; fileRef = 198A9F538B2B7A60C6F7DCF5 /* HourForecastCollectionViewCell.swift */; };
		198A97852F22600DD95D7192 /* TestData.swift in Sources */ = {isa = PBXBuildFile; fileRef = 198A9714766522C5E83BE3CC /* TestData.swift */; };
		198A97ED7DA0854B2C962909 /* MeasurmentUtils.swift in Sources */ = {isa = PBXBuildFile; fileRef = 198A91057ADE8722182E337B /* MeasurmentUtils.swift */; };
		198A983083D617FB3446AB02 /* MainViewController.swift in Sources */ = {isa = PBXBuildFile; fileRef = 198A985844207EBC2861DA48 /* MainViewController.swift */; };
		198A98750D910A4A95781908 /* Date+FormatDate.swift in Sources */ = {isa = PBXBuildFile; fileRef = 198A92BCA98B9B6A0C42BCB1 /* Date+FormatDate.swift */; };
		198A9876982FAF395F67B910 /* String+TemperatureFormat.swift in Sources */ = {isa = PBXBuildFile; fileRef = 198A9130109A65C7FEB27D74 /* String+TemperatureFormat.swift */; };
		198A99792E49448EF9362013 /* UILabel+Init.swift in Sources */ = {isa = PBXBuildFile; fileRef = 198A910AAAE50EC11F8D4203 /* UILabel+Init.swift */; };
		198A9A54AFAFC78DE24D6B88 /* NetworkService.swift in Sources */ = {isa = PBXBuildFile; fileRef = 198A98E9A56CD2D6A4238F94 /* NetworkService.swift */; };
		198A9B093A1023E66CD5AD35 /* CurrentConditions.swift in Sources */ = {isa = PBXBuildFile; fileRef = 198A959614343F348AE1A9E8 /* CurrentConditions.swift */; };
		198A9B3E011099D41711A4BE /* DayForecast.swift in Sources */ = {isa = PBXBuildFile; fileRef = 198A967C6BE36981C7D46A70 /* DayForecast.swift */; };
		198A9B7AC71ECBF580A422E1 /* CurrentTemperature.swift in Sources */ = {isa = PBXBuildFile; fileRef = 198A977A744630A1B657BC5D /* CurrentTemperature.swift */; };
		198A9B8735F5E735B6B8E7F3 /* MainViewModel.swift in Sources */ = {isa = PBXBuildFile; fileRef = 198A92287C5CBA593C0405B8 /* MainViewModel.swift */; };
		198A9CA4E9E78BA8C7B47933 /* UIConstants.swift in Sources */ = {isa = PBXBuildFile; fileRef = 198A97207BE4A0023C9D657B /* UIConstants.swift */; };
		198A9E36FB125434407479BB /* Main.storyboard in Resources */ = {isa = PBXBuildFile; fileRef = 198A9D1B18B7F9BFEF82C925 /* Main.storyboard */; };
		198A9EF5346E7371F5F255BF /* String+UrlEncoding.swift in Sources */ = {isa = PBXBuildFile; fileRef = 198A9315A210EC3F9F4C976E /* String+UrlEncoding.swift */; };
		198A9FA0170F156B648BCC78 /* SharedEnums.swift in Sources */ = {isa = PBXBuildFile; fileRef = 198A9790C85258BA4CE4C7F4 /* SharedEnums.swift */; };
		26C032C9284FDB3300966EC5 /* WeatherDetails.storyboard in Resources */ = {isa = PBXBuildFile; fileRef = 26C032C8284FDB3300966EC5 /* WeatherDetails.storyboard */; };
		26C032CB284FDB4C00966EC5 /* WeatherDetailsViewController.swift in Sources */ = {isa = PBXBuildFile; fileRef = 26C032CA284FDB4C00966EC5 /* WeatherDetailsViewController.swift */; };
		26CBBE80284B55D000898FE6 /* AppDelegate.swift in Sources */ = {isa = PBXBuildFile; fileRef = 26CBBE7F284B55D000898FE6 /* AppDelegate.swift */; };
		26CBBE82284B55D000898FE6 /* SceneDelegate.swift in Sources */ = {isa = PBXBuildFile; fileRef = 26CBBE81284B55D000898FE6 /* SceneDelegate.swift */; };
		26CBBE8A284B55D000898FE6 /* Weatherly.xcdatamodeld in Sources */ = {isa = PBXBuildFile; fileRef = 26CBBE88284B55D000898FE6 /* Weatherly.xcdatamodeld */; };
		26CBBE8C284B55D300898FE6 /* Assets.xcassets in Resources */ = {isa = PBXBuildFile; fileRef = 26CBBE8B284B55D300898FE6 /* Assets.xcassets */; };
		26CBBE8F284B55D300898FE6 /* LaunchScreen.storyboard in Resources */ = {isa = PBXBuildFile; fileRef = 26CBBE8D284B55D300898FE6 /* LaunchScreen.storyboard */; };
		26CBBE9A284B55D300898FE6 /* WeatherlyTests.swift in Sources */ = {isa = PBXBuildFile; fileRef = 26CBBE99284B55D300898FE6 /* WeatherlyTests.swift */; };
		26CBBEA4284B55D300898FE6 /* WeatherlyUITests.swift in Sources */ = {isa = PBXBuildFile; fileRef = 26CBBEA3284B55D300898FE6 /* WeatherlyUITests.swift */; };
		26CBBEA6284B55D300898FE6 /* WeatherlyUITestsLaunchTests.swift in Sources */ = {isa = PBXBuildFile; fileRef = 26CBBEA5284B55D300898FE6 /* WeatherlyUITestsLaunchTests.swift */; };
		276DDA3935956247B1EA060F /* Pods_WeatherlyUITests.framework in Frameworks */ = {isa = PBXBuildFile; fileRef = 2D821E148F4EB84944466CCC /* Pods_WeatherlyUITests.framework */; };
		8B1D07A5ECDDEFE37B1B7DB9 /* Pods_Weatherly.framework in Frameworks */ = {isa = PBXBuildFile; fileRef = 597269CEBC3CDD1E4B47EC79 /* Pods_Weatherly.framework */; };
		970A04CE856E96D101DD46A9 /* Pods_WeatherlyTests.framework in Frameworks */ = {isa = PBXBuildFile; fileRef = 1E0694F7412A1CDE303EDB56 /* Pods_WeatherlyTests.framework */; };
/* End PBXBuildFile section */

/* Begin PBXContainerItemProxy section */
		26CBBE96284B55D300898FE6 /* PBXContainerItemProxy */ = {
			isa = PBXContainerItemProxy;
			containerPortal = 26CBBE74284B55D000898FE6 /* Project object */;
			proxyType = 1;
			remoteGlobalIDString = 26CBBE7B284B55D000898FE6;
			remoteInfo = Weatherly;
		};
		26CBBEA0284B55D300898FE6 /* PBXContainerItemProxy */ = {
			isa = PBXContainerItemProxy;
			containerPortal = 26CBBE74284B55D000898FE6 /* Project object */;
			proxyType = 1;
			remoteGlobalIDString = 26CBBE7B284B55D000898FE6;
			remoteInfo = Weatherly;
		};
/* End PBXContainerItemProxy section */

/* Begin PBXFileReference section */
		198A90B4772867503AC15E9D /* NetworkRepository.swift */ = {isa = PBXFileReference; fileEncoding = 4; lastKnownFileType = sourcecode.swift; path = NetworkRepository.swift; sourceTree = "<group>"; };
		198A91057ADE8722182E337B /* MeasurmentUtils.swift */ = {isa = PBXFileReference; fileEncoding = 4; lastKnownFileType = sourcecode.swift; path = MeasurmentUtils.swift; sourceTree = "<group>"; };
		198A910AAAE50EC11F8D4203 /* UILabel+Init.swift */ = {isa = PBXFileReference; fileEncoding = 4; lastKnownFileType = sourcecode.swift; path = "UILabel+Init.swift"; sourceTree = "<group>"; };
		198A9130109A65C7FEB27D74 /* String+TemperatureFormat.swift */ = {isa = PBXFileReference; fileEncoding = 4; lastKnownFileType = sourcecode.swift; path = "String+TemperatureFormat.swift"; sourceTree = "<group>"; };
		198A91A81301ED34BF0D5934 /* Country.swift */ = {isa = PBXFileReference; fileEncoding = 4; lastKnownFileType = sourcecode.swift; path = Country.swift; sourceTree = "<group>"; };
		198A920BA979B31A7C017810 /* HourForecast.swift */ = {isa = PBXFileReference; fileEncoding = 4; lastKnownFileType = sourcecode.swift; path = HourForecast.swift; sourceTree = "<group>"; };
		198A92287C5CBA593C0405B8 /* MainViewModel.swift */ = {isa = PBXFileReference; fileEncoding = 4; lastKnownFileType = sourcecode.swift; path = MainViewModel.swift; sourceTree = "<group>"; };
		198A92BCA98B9B6A0C42BCB1 /* Date+FormatDate.swift */ = {isa = PBXFileReference; fileEncoding = 4; lastKnownFileType = sourcecode.swift; path = "Date+FormatDate.swift"; sourceTree = "<group>"; };
		198A92C1C21721D3D9307B35 /* UISearchBar+Look.swift */ = {isa = PBXFileReference; fileEncoding = 4; lastKnownFileType = sourcecode.swift; path = "UISearchBar+Look.swift"; sourceTree = "<group>"; };
		198A9315A210EC3F9F4C976E /* String+UrlEncoding.swift */ = {isa = PBXFileReference; fileEncoding = 4; lastKnownFileType = sourcecode.swift; path = "String+UrlEncoding.swift"; sourceTree = "<group>"; };
		198A9545138807EE210573AE /* GradientView.swift */ = {isa = PBXFileReference; fileEncoding = 4; lastKnownFileType = sourcecode.swift; path = GradientView.swift; sourceTree = "<group>"; };
		198A9554E301BA9DA83C9DF6 /* MainModel.swift */ = {isa = PBXFileReference; fileEncoding = 4; lastKnownFileType = sourcecode.swift; path = MainModel.swift; sourceTree = "<group>"; };
		198A959614343F348AE1A9E8 /* CurrentConditions.swift */ = {isa = PBXFileReference; fileEncoding = 4; lastKnownFileType = sourcecode.swift; path = CurrentConditions.swift; sourceTree = "<group>"; };
		198A967C6BE36981C7D46A70 /* DayForecast.swift */ = {isa = PBXFileReference; fileEncoding = 4; lastKnownFileType = sourcecode.swift; path = DayForecast.swift; sourceTree = "<group>"; };
		198A9714766522C5E83BE3CC /* TestData.swift */ = {isa = PBXFileReference; fileEncoding = 4; lastKnownFileType = sourcecode.swift; path = TestData.swift; sourceTree = "<group>"; };
		198A97207BE4A0023C9D657B /* UIConstants.swift */ = {isa = PBXFileReference; fileEncoding = 4; lastKnownFileType = sourcecode.swift; path = UIConstants.swift; sourceTree = "<group>"; };
		198A977A744630A1B657BC5D /* CurrentTemperature.swift */ = {isa = PBXFileReference; fileEncoding = 4; lastKnownFileType = sourcecode.swift; path = CurrentTemperature.swift; sourceTree = "<group>"; };
		198A9790C85258BA4CE4C7F4 /* SharedEnums.swift */ = {isa = PBXFileReference; fileEncoding = 4; lastKnownFileType = sourcecode.swift; path = SharedEnums.swift; sourceTree = "<group>"; };
		198A985844207EBC2861DA48 /* MainViewController.swift */ = {isa = PBXFileReference; fileEncoding = 4; lastKnownFileType = sourcecode.swift; path = MainViewController.swift; sourceTree = "<group>"; };
		198A987AA420F6B181E0FB83 /* TemperatureForecast.swift */ = {isa = PBXFileReference; fileEncoding = 4; lastKnownFileType = sourcecode.swift; path = TemperatureForecast.swift; sourceTree = "<group>"; };
		198A98E9A56CD2D6A4238F94 /* NetworkService.swift */ = {isa = PBXFileReference; fileEncoding = 4; lastKnownFileType = sourcecode.swift; path = NetworkService.swift; sourceTree = "<group>"; };
		198A99D6FE16C83397B93C6F /* DailyFrecastTableViewCell.swift */ = {isa = PBXFileReference; fileEncoding = 4; lastKnownFileType = sourcecode.swift; path = DailyFrecastTableViewCell.swift; sourceTree = "<group>"; };
		198A9BA7D219F3050E735B25 /* Temperature.swift */ = {isa = PBXFileReference; fileEncoding = 4; lastKnownFileType = sourcecode.swift; path = Temperature.swift; sourceTree = "<group>"; };
		198A9C05A4A09D37DA746F0E /* UIView+Round.swift */ = {isa = PBXFileReference; fileEncoding = 4; lastKnownFileType = sourcecode.swift; path = "UIView+Round.swift"; sourceTree = "<group>"; };
		198A9D1B18B7F9BFEF82C925 /* Main.storyboard */ = {isa = PBXFileReference; lastKnownFileType = file.storyboard; path = Main.storyboard; sourceTree = "<group>"; };
		198A9E1E8D4531EAEF435F6A /* Location.swift */ = {isa = PBXFileReference; fileEncoding = 4; lastKnownFileType = sourcecode.swift; path = Location.swift; sourceTree = "<group>"; };
		198A9F538B2B7A60C6F7DCF5 /* HourForecastCollectionViewCell.swift */ = {isa = PBXFileReference; fileEncoding = 4; lastKnownFileType = sourcecode.swift; path = HourForecastCollectionViewCell.swift; sourceTree = "<group>"; };
		198A9FDCC5217CC1F040AA62 /* WeatherConditions.swift */ = {isa = PBXFileReference; fileEncoding = 4; lastKnownFileType = sourcecode.swift; path = WeatherConditions.swift; sourceTree = "<group>"; };
		1E0694F7412A1CDE303EDB56 /* Pods_WeatherlyTests.framework */ = {isa = PBXFileReference; explicitFileType = wrapper.framework; includeInIndex = 0; path = Pods_WeatherlyTests.framework; sourceTree = BUILT_PRODUCTS_DIR; };
		2564B3F7B72B9DA35AC37A09 /* Pods-Weatherly-WeatherlyUITests.release.xcconfig */ = {isa = PBXFileReference; includeInIndex = 1; lastKnownFileType = text.xcconfig; name = "Pods-Weatherly-WeatherlyUITests.release.xcconfig"; path = "Target Support Files/Pods-Weatherly-WeatherlyUITests/Pods-Weatherly-WeatherlyUITests.release.xcconfig"; sourceTree = "<group>"; };
		26C032C8284FDB3300966EC5 /* WeatherDetails.storyboard */ = {isa = PBXFileReference; lastKnownFileType = file.storyboard; path = WeatherDetails.storyboard; sourceTree = "<group>"; };
		26C032CA284FDB4C00966EC5 /* WeatherDetailsViewController.swift */ = {isa = PBXFileReference; lastKnownFileType = sourcecode.swift; path = WeatherDetailsViewController.swift; sourceTree = "<group>"; };
		26CBBE7C284B55D000898FE6 /* Weatherly.app */ = {isa = PBXFileReference; explicitFileType = wrapper.application; includeInIndex = 0; path = Weatherly.app; sourceTree = BUILT_PRODUCTS_DIR; };
		26CBBE7F284B55D000898FE6 /* AppDelegate.swift */ = {isa = PBXFileReference; lastKnownFileType = sourcecode.swift; path = AppDelegate.swift; sourceTree = "<group>"; };
		26CBBE81284B55D000898FE6 /* SceneDelegate.swift */ = {isa = PBXFileReference; lastKnownFileType = sourcecode.swift; path = SceneDelegate.swift; sourceTree = "<group>"; };
		26CBBE89284B55D000898FE6 /* Weatherly.xcdatamodel */ = {isa = PBXFileReference; lastKnownFileType = wrapper.xcdatamodel; path = Weatherly.xcdatamodel; sourceTree = "<group>"; };
		26CBBE8B284B55D300898FE6 /* Assets.xcassets */ = {isa = PBXFileReference; lastKnownFileType = folder.assetcatalog; path = Assets.xcassets; sourceTree = "<group>"; };
		26CBBE8E284B55D300898FE6 /* Base */ = {isa = PBXFileReference; lastKnownFileType = file.storyboard; name = Base; path = Base.lproj/LaunchScreen.storyboard; sourceTree = "<group>"; };
		26CBBE90284B55D300898FE6 /* Info.plist */ = {isa = PBXFileReference; lastKnownFileType = text.plist.xml; path = Info.plist; sourceTree = "<group>"; };
		26CBBE95284B55D300898FE6 /* WeatherlyTests.xctest */ = {isa = PBXFileReference; explicitFileType = wrapper.cfbundle; includeInIndex = 0; path = WeatherlyTests.xctest; sourceTree = BUILT_PRODUCTS_DIR; };
		26CBBE99284B55D300898FE6 /* WeatherlyTests.swift */ = {isa = PBXFileReference; lastKnownFileType = sourcecode.swift; path = WeatherlyTests.swift; sourceTree = "<group>"; };
		26CBBE9F284B55D300898FE6 /* WeatherlyUITests.xctest */ = {isa = PBXFileReference; explicitFileType = wrapper.cfbundle; includeInIndex = 0; path = WeatherlyUITests.xctest; sourceTree = BUILT_PRODUCTS_DIR; };
		26CBBEA3284B55D300898FE6 /* WeatherlyUITests.swift */ = {isa = PBXFileReference; lastKnownFileType = sourcecode.swift; path = WeatherlyUITests.swift; sourceTree = "<group>"; };
		26CBBEA5284B55D300898FE6 /* WeatherlyUITestsLaunchTests.swift */ = {isa = PBXFileReference; lastKnownFileType = sourcecode.swift; path = WeatherlyUITestsLaunchTests.swift; sourceTree = "<group>"; };
		2BCA1EAA18456C92B2B7AF55 /* Pods-Weatherly-WeatherlyUITests.debug.xcconfig */ = {isa = PBXFileReference; includeInIndex = 1; lastKnownFileType = text.xcconfig; name = "Pods-Weatherly-WeatherlyUITests.debug.xcconfig"; path = "Target Support Files/Pods-Weatherly-WeatherlyUITests/Pods-Weatherly-WeatherlyUITests.debug.xcconfig"; sourceTree = "<group>"; };
		2D821E148F4EB84944466CCC /* Pods_WeatherlyUITests.framework */ = {isa = PBXFileReference; explicitFileType = wrapper.framework; includeInIndex = 0; path = Pods_WeatherlyUITests.framework; sourceTree = BUILT_PRODUCTS_DIR; };
		30CFDB7709EE61C041AF13BA /* Pods-WeatherlyUITests.debug.xcconfig */ = {isa = PBXFileReference; includeInIndex = 1; lastKnownFileType = text.xcconfig; name = "Pods-WeatherlyUITests.debug.xcconfig"; path = "Target Support Files/Pods-WeatherlyUITests/Pods-WeatherlyUITests.debug.xcconfig"; sourceTree = "<group>"; };
		34AFEED86C73F5CA60570AD1 /* Pods-WeatherlyTests.debug.xcconfig */ = {isa = PBXFileReference; includeInIndex = 1; lastKnownFileType = text.xcconfig; name = "Pods-WeatherlyTests.debug.xcconfig"; path = "Target Support Files/Pods-WeatherlyTests/Pods-WeatherlyTests.debug.xcconfig"; sourceTree = "<group>"; };
		38D0217119B9F0323D5825B5 /* Pods-WeatherlyUITests.release.xcconfig */ = {isa = PBXFileReference; includeInIndex = 1; lastKnownFileType = text.xcconfig; name = "Pods-WeatherlyUITests.release.xcconfig"; path = "Target Support Files/Pods-WeatherlyUITests/Pods-WeatherlyUITests.release.xcconfig"; sourceTree = "<group>"; };
		597269CEBC3CDD1E4B47EC79 /* Pods_Weatherly.framework */ = {isa = PBXFileReference; explicitFileType = wrapper.framework; includeInIndex = 0; path = Pods_Weatherly.framework; sourceTree = BUILT_PRODUCTS_DIR; };
		70053DC95F45704A512B953A /* Pods-Weatherly.debug.xcconfig */ = {isa = PBXFileReference; includeInIndex = 1; lastKnownFileType = text.xcconfig; name = "Pods-Weatherly.debug.xcconfig"; path = "Target Support Files/Pods-Weatherly/Pods-Weatherly.debug.xcconfig"; sourceTree = "<group>"; };
		AEE5720908B1E44FF199DCFF /* Pods-WeatherlyTests.release.xcconfig */ = {isa = PBXFileReference; includeInIndex = 1; lastKnownFileType = text.xcconfig; name = "Pods-WeatherlyTests.release.xcconfig"; path = "Target Support Files/Pods-WeatherlyTests/Pods-WeatherlyTests.release.xcconfig"; sourceTree = "<group>"; };
		D7E006F59972958D40919E53 /* Pods-Weatherly.release.xcconfig */ = {isa = PBXFileReference; includeInIndex = 1; lastKnownFileType = text.xcconfig; name = "Pods-Weatherly.release.xcconfig"; path = "Target Support Files/Pods-Weatherly/Pods-Weatherly.release.xcconfig"; sourceTree = "<group>"; };
/* End PBXFileReference section */

/* Begin PBXFrameworksBuildPhase section */
		26CBBE79284B55D000898FE6 /* Frameworks */ = {
			isa = PBXFrameworksBuildPhase;
			buildActionMask = 2147483647;
			files = (
				8B1D07A5ECDDEFE37B1B7DB9 /* Pods_Weatherly.framework in Frameworks */,
			);
			runOnlyForDeploymentPostprocessing = 0;
		};
		26CBBE92284B55D300898FE6 /* Frameworks */ = {
			isa = PBXFrameworksBuildPhase;
			buildActionMask = 2147483647;
			files = (
				970A04CE856E96D101DD46A9 /* Pods_WeatherlyTests.framework in Frameworks */,
			);
			runOnlyForDeploymentPostprocessing = 0;
		};
		26CBBE9C284B55D300898FE6 /* Frameworks */ = {
			isa = PBXFrameworksBuildPhase;
			buildActionMask = 2147483647;
			files = (
				276DDA3935956247B1EA060F /* Pods_WeatherlyUITests.framework in Frameworks */,
			);
			runOnlyForDeploymentPostprocessing = 0;
		};
/* End PBXFrameworksBuildPhase section */

/* Begin PBXGroup section */
		0534E4B5F75C1D954434CFE9 /* Frameworks */ = {
			isa = PBXGroup;
			children = (
				597269CEBC3CDD1E4B47EC79 /* Pods_Weatherly.framework */,
				1E0694F7412A1CDE303EDB56 /* Pods_WeatherlyTests.framework */,
				2D821E148F4EB84944466CCC /* Pods_WeatherlyUITests.framework */,
			);
			name = Frameworks;
			sourceTree = "<group>";
		};
		198A905751553C9E16FF3118 /* Constants */ = {
			isa = PBXGroup;
			children = (
				198A97207BE4A0023C9D657B /* UIConstants.swift */,
			);
			path = Constants;
			sourceTree = "<group>";
		};
		198A91DF309F1AE3EE24B98D /* Models */ = {
			isa = PBXGroup;
			children = (
				198A9714766522C5E83BE3CC /* TestData.swift */,
				198A9E559B6F17C538B4D5C8 /* Locations */,
				198A9DAE825D2FBECFDE0750 /* Forecast */,
				198A9328E358CE077A1E33EB /* CurrentConditions */,
				198A9BA7D219F3050E735B25 /* Temperature.swift */,
			);
			path = Models;
			sourceTree = "<group>";
		};
		198A923B7A5B2E0A0710914A /* WeatherDetailsView */ = {
			isa = PBXGroup;
			children = (
				26C032C8284FDB3300966EC5 /* WeatherDetails.storyboard */,
				26C032CA284FDB4C00966EC5 /* WeatherDetailsViewController.swift */,
				198A966A7A523D2FDB015925 /* HourForecastCollectionViewCell */,
				198A9259928293A6E073F29C /* DailyForecastTableViewCell */,
			);
			path = WeatherDetailsView;
			sourceTree = "<group>";
		};
		198A9259928293A6E073F29C /* DailyForecastTableViewCell */ = {
			isa = PBXGroup;
			children = (
				198A99D6FE16C83397B93C6F /* DailyFrecastTableViewCell.swift */,
			);
			path = DailyForecastTableViewCell;
			sourceTree = "<group>";
		};
		198A92BF8C84111D505DABCE /* Shared */ = {
			isa = PBXGroup;
			children = (
				198A9790C85258BA4CE4C7F4 /* SharedEnums.swift */,
				198A98B04230BE8C9922F3E4 /* Extensions */,
				198A905751553C9E16FF3118 /* Constants */,
				198A9E16B2A6155919342ED7 /* Utils */,
			);
			path = Shared;
			sourceTree = "<group>";
		};
		198A9328E358CE077A1E33EB /* CurrentConditions */ = {
			isa = PBXGroup;
			children = (
				198A959614343F348AE1A9E8 /* CurrentConditions.swift */,
				198A977A744630A1B657BC5D /* CurrentTemperature.swift */,
			);
			path = CurrentConditions;
			sourceTree = "<group>";
		};
		198A93B995BFDC1698818E1B /* UIComponents */ = {
			isa = PBXGroup;
			children = (
				198A9545138807EE210573AE /* GradientView.swift */,
			);
			path = UIComponents;
			sourceTree = "<group>";
		};
		198A943CD60A858536358CB5 /* WeatherMainView */ = {
			isa = PBXGroup;
			children = (
				198A9D1B18B7F9BFEF82C925 /* Main.storyboard */,
				198A985844207EBC2861DA48 /* MainViewController.swift */,
				198A9554E301BA9DA83C9DF6 /* MainModel.swift */,
				198A92287C5CBA593C0405B8 /* MainViewModel.swift */,
			);
			path = WeatherMainView;
			sourceTree = "<group>";
		};
		198A94B9DA0B122C5D844DD7 /* Views */ = {
			isa = PBXGroup;
			children = (
				198A943CD60A858536358CB5 /* WeatherMainView */,
				198A923B7A5B2E0A0710914A /* WeatherDetailsView */,
			);
			path = Views;
			sourceTree = "<group>";
		};
		198A966A7A523D2FDB015925 /* HourForecastCollectionViewCell */ = {
			isa = PBXGroup;
			children = (
				198A9F538B2B7A60C6F7DCF5 /* HourForecastCollectionViewCell.swift */,
			);
			path = HourForecastCollectionViewCell;
			sourceTree = "<group>";
		};
		198A97014EC9E65D173D921E /* Network */ = {
			isa = PBXGroup;
			children = (
				198A98E9A56CD2D6A4238F94 /* NetworkService.swift */,
				198A90B4772867503AC15E9D /* NetworkRepository.swift */,
			);
			path = Network;
			sourceTree = "<group>";
		};
		198A98B04230BE8C9922F3E4 /* Extensions */ = {
			isa = PBXGroup;
			children = (
				198A92C1C21721D3D9307B35 /* UISearchBar+Look.swift */,
				198A9315A210EC3F9F4C976E /* String+UrlEncoding.swift */,
				198A9C05A4A09D37DA746F0E /* UIView+Round.swift */,
				198A910AAAE50EC11F8D4203 /* UILabel+Init.swift */,
				198A9130109A65C7FEB27D74 /* String+TemperatureFormat.swift */,
				198A92BCA98B9B6A0C42BCB1 /* Date+FormatDate.swift */,
			);
			path = Extensions;
			sourceTree = "<group>";
		};
		198A9DAE825D2FBECFDE0750 /* Forecast */ = {
			isa = PBXGroup;
			children = (
				198A967C6BE36981C7D46A70 /* DayForecast.swift */,
				198A9FDCC5217CC1F040AA62 /* WeatherConditions.swift */,
				198A987AA420F6B181E0FB83 /* TemperatureForecast.swift */,
				198A920BA979B31A7C017810 /* HourForecast.swift */,
			);
			path = Forecast;
			sourceTree = "<group>";
		};
		198A9E16B2A6155919342ED7 /* Utils */ = {
			isa = PBXGroup;
			children = (
				198A91057ADE8722182E337B /* MeasurmentUtils.swift */,
			);
			path = Utils;
			sourceTree = "<group>";
		};
		198A9E559B6F17C538B4D5C8 /* Locations */ = {
			isa = PBXGroup;
			children = (
				198A9E1E8D4531EAEF435F6A /* Location.swift */,
				198A91A81301ED34BF0D5934 /* Country.swift */,
			);
			path = Locations;
			sourceTree = "<group>";
		};
		26CBBE73284B55D000898FE6 = {
			isa = PBXGroup;
			children = (
				26CBBE7E284B55D000898FE6 /* Weatherly */,
				26CBBE98284B55D300898FE6 /* WeatherlyTests */,
				26CBBEA2284B55D300898FE6 /* WeatherlyUITests */,
				26CBBE7D284B55D000898FE6 /* Products */,
				6E65E2D45D40557CF77CC239 /* Pods */,
				0534E4B5F75C1D954434CFE9 /* Frameworks */,
			);
			sourceTree = "<group>";
		};
		26CBBE7D284B55D000898FE6 /* Products */ = {
			isa = PBXGroup;
			children = (
				26CBBE7C284B55D000898FE6 /* Weatherly.app */,
				26CBBE95284B55D300898FE6 /* WeatherlyTests.xctest */,
				26CBBE9F284B55D300898FE6 /* WeatherlyUITests.xctest */,
			);
			name = Products;
			sourceTree = "<group>";
		};
		26CBBE7E284B55D000898FE6 /* Weatherly */ = {
			isa = PBXGroup;
			children = (
				26CBBE7F284B55D000898FE6 /* AppDelegate.swift */,
				26CBBE81284B55D000898FE6 /* SceneDelegate.swift */,
				26CBBE8B284B55D300898FE6 /* Assets.xcassets */,
				26CBBE8D284B55D300898FE6 /* LaunchScreen.storyboard */,
				26CBBE90284B55D300898FE6 /* Info.plist */,
				26CBBE88284B55D000898FE6 /* Weatherly.xcdatamodeld */,
				198A93B995BFDC1698818E1B /* UIComponents */,
				198A94B9DA0B122C5D844DD7 /* Views */,
				198A97014EC9E65D173D921E /* Network */,
				198A92BF8C84111D505DABCE /* Shared */,
				198A91DF309F1AE3EE24B98D /* Models */,
			);
			path = Weatherly;
			sourceTree = "<group>";
		};
		26CBBE98284B55D300898FE6 /* WeatherlyTests */ = {
			isa = PBXGroup;
			children = (
				26CBBE99284B55D300898FE6 /* WeatherlyTests.swift */,
			);
			path = WeatherlyTests;
			sourceTree = "<group>";
		};
		26CBBEA2284B55D300898FE6 /* WeatherlyUITests */ = {
			isa = PBXGroup;
			children = (
				26CBBEA3284B55D300898FE6 /* WeatherlyUITests.swift */,
				26CBBEA5284B55D300898FE6 /* WeatherlyUITestsLaunchTests.swift */,
			);
			path = WeatherlyUITests;
			sourceTree = "<group>";
		};
		6E65E2D45D40557CF77CC239 /* Pods */ = {
			isa = PBXGroup;
			children = (
				70053DC95F45704A512B953A /* Pods-Weatherly.debug.xcconfig */,
				D7E006F59972958D40919E53 /* Pods-Weatherly.release.xcconfig */,
				2BCA1EAA18456C92B2B7AF55 /* Pods-Weatherly-WeatherlyUITests.debug.xcconfig */,
				2564B3F7B72B9DA35AC37A09 /* Pods-Weatherly-WeatherlyUITests.release.xcconfig */,
				34AFEED86C73F5CA60570AD1 /* Pods-WeatherlyTests.debug.xcconfig */,
				AEE5720908B1E44FF199DCFF /* Pods-WeatherlyTests.release.xcconfig */,
				30CFDB7709EE61C041AF13BA /* Pods-WeatherlyUITests.debug.xcconfig */,
				38D0217119B9F0323D5825B5 /* Pods-WeatherlyUITests.release.xcconfig */,
			);
			path = Pods;
			sourceTree = "<group>";
		};
/* End PBXGroup section */

/* Begin PBXNativeTarget section */
		26CBBE7B284B55D000898FE6 /* Weatherly */ = {
			isa = PBXNativeTarget;
			buildConfigurationList = 26CBBEA9284B55D300898FE6 /* Build configuration list for PBXNativeTarget "Weatherly" */;
			buildPhases = (
				5B694357A0BD2F281609527E /* [CP] Check Pods Manifest.lock */,
				26CBBE78284B55D000898FE6 /* Sources */,
				26CBBE79284B55D000898FE6 /* Frameworks */,
				26CBBE7A284B55D000898FE6 /* Resources */,
				BB3DCB464780AA4054D69D90 /* [CP] Embed Pods Frameworks */,
			);
			buildRules = (
			);
			dependencies = (
			);
			name = Weatherly;
			productName = Weatherly;
			productReference = 26CBBE7C284B55D000898FE6 /* Weatherly.app */;
			productType = "com.apple.product-type.application";
		};
		26CBBE94284B55D300898FE6 /* WeatherlyTests */ = {
			isa = PBXNativeTarget;
			buildConfigurationList = 26CBBEAC284B55D300898FE6 /* Build configuration list for PBXNativeTarget "WeatherlyTests" */;
			buildPhases = (
				2CBD7F487656F48952A388B9 /* [CP] Check Pods Manifest.lock */,
				26CBBE91284B55D300898FE6 /* Sources */,
				26CBBE92284B55D300898FE6 /* Frameworks */,
				26CBBE93284B55D300898FE6 /* Resources */,
			);
			buildRules = (
			);
			dependencies = (
				26CBBE97284B55D300898FE6 /* PBXTargetDependency */,
			);
			name = WeatherlyTests;
			productName = WeatherlyTests;
			productReference = 26CBBE95284B55D300898FE6 /* WeatherlyTests.xctest */;
			productType = "com.apple.product-type.bundle.unit-test";
		};
		26CBBE9E284B55D300898FE6 /* WeatherlyUITests */ = {
			isa = PBXNativeTarget;
			buildConfigurationList = 26CBBEAF284B55D300898FE6 /* Build configuration list for PBXNativeTarget "WeatherlyUITests" */;
			buildPhases = (
				93618EE1B8DA637453327570 /* [CP] Check Pods Manifest.lock */,
				26CBBE9B284B55D300898FE6 /* Sources */,
				26CBBE9C284B55D300898FE6 /* Frameworks */,
				26CBBE9D284B55D300898FE6 /* Resources */,
			);
			buildRules = (
			);
			dependencies = (
				26CBBEA1284B55D300898FE6 /* PBXTargetDependency */,
			);
			name = WeatherlyUITests;
			productName = WeatherlyUITests;
			productReference = 26CBBE9F284B55D300898FE6 /* WeatherlyUITests.xctest */;
			productType = "com.apple.product-type.bundle.ui-testing";
		};
/* End PBXNativeTarget section */

/* Begin PBXProject section */
		26CBBE74284B55D000898FE6 /* Project object */ = {
			isa = PBXProject;
			attributes = {
				BuildIndependentTargetsInParallel = 1;
				LastSwiftUpdateCheck = 1340;
				LastUpgradeCheck = 1340;
				TargetAttributes = {
					26CBBE7B284B55D000898FE6 = {
						CreatedOnToolsVersion = 13.4;
					};
					26CBBE94284B55D300898FE6 = {
						CreatedOnToolsVersion = 13.4;
						TestTargetID = 26CBBE7B284B55D000898FE6;
					};
					26CBBE9E284B55D300898FE6 = {
						CreatedOnToolsVersion = 13.4;
						TestTargetID = 26CBBE7B284B55D000898FE6;
					};
				};
			};
			buildConfigurationList = 26CBBE77284B55D000898FE6 /* Build configuration list for PBXProject "Weatherly" */;
			compatibilityVersion = "Xcode 13.0";
			developmentRegion = en;
			hasScannedForEncodings = 0;
			knownRegions = (
				en,
				Base,
			);
			mainGroup = 26CBBE73284B55D000898FE6;
			productRefGroup = 26CBBE7D284B55D000898FE6 /* Products */;
			projectDirPath = "";
			projectRoot = "";
			targets = (
				26CBBE7B284B55D000898FE6 /* Weatherly */,
				26CBBE94284B55D300898FE6 /* WeatherlyTests */,
				26CBBE9E284B55D300898FE6 /* WeatherlyUITests */,
			);
		};
/* End PBXProject section */

/* Begin PBXResourcesBuildPhase section */
		26CBBE7A284B55D000898FE6 /* Resources */ = {
			isa = PBXResourcesBuildPhase;
			buildActionMask = 2147483647;
			files = (
				26CBBE8F284B55D300898FE6 /* LaunchScreen.storyboard in Resources */,
				26CBBE8C284B55D300898FE6 /* Assets.xcassets in Resources */,
				26C032C9284FDB3300966EC5 /* WeatherDetails.storyboard in Resources */,
				198A9E36FB125434407479BB /* Main.storyboard in Resources */,
			);
			runOnlyForDeploymentPostprocessing = 0;
		};
		26CBBE93284B55D300898FE6 /* Resources */ = {
			isa = PBXResourcesBuildPhase;
			buildActionMask = 2147483647;
			files = (
			);
			runOnlyForDeploymentPostprocessing = 0;
		};
		26CBBE9D284B55D300898FE6 /* Resources */ = {
			isa = PBXResourcesBuildPhase;
			buildActionMask = 2147483647;
			files = (
			);
			runOnlyForDeploymentPostprocessing = 0;
		};
/* End PBXResourcesBuildPhase section */

/* Begin PBXShellScriptBuildPhase section */
		2CBD7F487656F48952A388B9 /* [CP] Check Pods Manifest.lock */ = {
			isa = PBXShellScriptBuildPhase;
			buildActionMask = 2147483647;
			files = (
			);
			inputFileListPaths = (
			);
			inputPaths = (
				"${PODS_PODFILE_DIR_PATH}/Podfile.lock",
				"${PODS_ROOT}/Manifest.lock",
			);
			name = "[CP] Check Pods Manifest.lock";
			outputFileListPaths = (
			);
			outputPaths = (
				"$(DERIVED_FILE_DIR)/Pods-WeatherlyTests-checkManifestLockResult.txt",
			);
			runOnlyForDeploymentPostprocessing = 0;
			shellPath = /bin/sh;
			shellScript = "diff \"${PODS_PODFILE_DIR_PATH}/Podfile.lock\" \"${PODS_ROOT}/Manifest.lock\" > /dev/null\nif [ $? != 0 ] ; then\n    # print error to STDERR\n    echo \"error: The sandbox is not in sync with the Podfile.lock. Run 'pod install' or update your CocoaPods installation.\" >&2\n    exit 1\nfi\n# This output is used by Xcode 'outputs' to avoid re-running this script phase.\necho \"SUCCESS\" > \"${SCRIPT_OUTPUT_FILE_0}\"\n";
			showEnvVarsInLog = 0;
		};
		5B694357A0BD2F281609527E /* [CP] Check Pods Manifest.lock */ = {
			isa = PBXShellScriptBuildPhase;
			buildActionMask = 2147483647;
			files = (
			);
			inputFileListPaths = (
			);
			inputPaths = (
				"${PODS_PODFILE_DIR_PATH}/Podfile.lock",
				"${PODS_ROOT}/Manifest.lock",
			);
			name = "[CP] Check Pods Manifest.lock";
			outputFileListPaths = (
			);
			outputPaths = (
				"$(DERIVED_FILE_DIR)/Pods-Weatherly-checkManifestLockResult.txt",
			);
			runOnlyForDeploymentPostprocessing = 0;
			shellPath = /bin/sh;
			shellScript = "diff \"${PODS_PODFILE_DIR_PATH}/Podfile.lock\" \"${PODS_ROOT}/Manifest.lock\" > /dev/null\nif [ $? != 0 ] ; then\n    # print error to STDERR\n    echo \"error: The sandbox is not in sync with the Podfile.lock. Run 'pod install' or update your CocoaPods installation.\" >&2\n    exit 1\nfi\n# This output is used by Xcode 'outputs' to avoid re-running this script phase.\necho \"SUCCESS\" > \"${SCRIPT_OUTPUT_FILE_0}\"\n";
			showEnvVarsInLog = 0;
		};
		93618EE1B8DA637453327570 /* [CP] Check Pods Manifest.lock */ = {
			isa = PBXShellScriptBuildPhase;
			buildActionMask = 2147483647;
			files = (
			);
			inputFileListPaths = (
			);
			inputPaths = (
				"${PODS_PODFILE_DIR_PATH}/Podfile.lock",
				"${PODS_ROOT}/Manifest.lock",
			);
			name = "[CP] Check Pods Manifest.lock";
			outputFileListPaths = (
			);
			outputPaths = (
				"$(DERIVED_FILE_DIR)/Pods-WeatherlyUITests-checkManifestLockResult.txt",
			);
			runOnlyForDeploymentPostprocessing = 0;
			shellPath = /bin/sh;
			shellScript = "diff \"${PODS_PODFILE_DIR_PATH}/Podfile.lock\" \"${PODS_ROOT}/Manifest.lock\" > /dev/null\nif [ $? != 0 ] ; then\n    # print error to STDERR\n    echo \"error: The sandbox is not in sync with the Podfile.lock. Run 'pod install' or update your CocoaPods installation.\" >&2\n    exit 1\nfi\n# This output is used by Xcode 'outputs' to avoid re-running this script phase.\necho \"SUCCESS\" > \"${SCRIPT_OUTPUT_FILE_0}\"\n";
			showEnvVarsInLog = 0;
		};
		BB3DCB464780AA4054D69D90 /* [CP] Embed Pods Frameworks */ = {
			isa = PBXShellScriptBuildPhase;
			buildActionMask = 2147483647;
			files = (
			);
			inputFileListPaths = (
				"${PODS_ROOT}/Target Support Files/Pods-Weatherly/Pods-Weatherly-frameworks-${CONFIGURATION}-input-files.xcfilelist",
			);
			name = "[CP] Embed Pods Frameworks";
			outputFileListPaths = (
				"${PODS_ROOT}/Target Support Files/Pods-Weatherly/Pods-Weatherly-frameworks-${CONFIGURATION}-output-files.xcfilelist",
			);
			runOnlyForDeploymentPostprocessing = 0;
			shellPath = /bin/sh;
			shellScript = "\"${PODS_ROOT}/Target Support Files/Pods-Weatherly/Pods-Weatherly-frameworks.sh\"\n";
			showEnvVarsInLog = 0;
		};
/* End PBXShellScriptBuildPhase section */

/* Begin PBXSourcesBuildPhase section */
		26CBBE78284B55D000898FE6 /* Sources */ = {
			isa = PBXSourcesBuildPhase;
			buildActionMask = 2147483647;
			files = (
				26C032CB284FDB4C00966EC5 /* WeatherDetailsViewController.swift in Sources */,
				26CBBE80284B55D000898FE6 /* AppDelegate.swift in Sources */,
				26CBBE82284B55D000898FE6 /* SceneDelegate.swift in Sources */,
				26CBBE8A284B55D000898FE6 /* Weatherly.xcdatamodeld in Sources */,
				198A952F3D67BA41BBE15E85 /* GradientView.swift in Sources */,
				198A9A54AFAFC78DE24D6B88 /* NetworkService.swift in Sources */,
				198A970C835D090ACC15060B /* NetworkRepository.swift in Sources */,
				198A9FA0170F156B648BCC78 /* SharedEnums.swift in Sources */,
				198A9CA4E9E78BA8C7B47933 /* UIConstants.swift in Sources */,
				198A94E2D323BB4CF0E00585 /* UISearchBar+Look.swift in Sources */,
				198A97852F22600DD95D7192 /* TestData.swift in Sources */,
				198A97ED7DA0854B2C962909 /* MeasurmentUtils.swift in Sources */,
				198A983083D617FB3446AB02 /* MainViewController.swift in Sources */,
				198A925EC7B02796DA36295D /* MainModel.swift in Sources */,
				198A9B8735F5E735B6B8E7F3 /* MainViewModel.swift in Sources */,
				198A9EF5346E7371F5F255BF /* String+UrlEncoding.swift in Sources */,
				198A94F0954E1BD08021FE47 /* Location.swift in Sources */,
				198A96872983DA847D27668E /* Country.swift in Sources */,
				198A9B3E011099D41711A4BE /* DayForecast.swift in Sources */,
				198A96201D08D92CCDF015D0 /* WeatherConditions.swift in Sources */,
				198A969FE82DF88D25542881 /* TemperatureForecast.swift in Sources */,
				198A9B093A1023E66CD5AD35 /* CurrentConditions.swift in Sources */,
				198A9B7AC71ECBF580A422E1 /* CurrentTemperature.swift in Sources */,
				198A913109BF7ED90722DC9F /* Temperature.swift in Sources */,
				198A901F0BA39304CA7AB442 /* HourForecast.swift in Sources */,
				198A953CF3E8007D004D28AE /* UIView+Round.swift in Sources */,
				198A970E6C11EDD7C6B0B5B2 /* HourForecastCollectionViewCell.swift in Sources */,
				198A927E54631036EFD23357 /* DailyFrecastTableViewCell.swift in Sources */,
				198A99792E49448EF9362013 /* UILabel+Init.swift in Sources */,
				198A9876982FAF395F67B910 /* String+TemperatureFormat.swift in Sources */,
				198A98750D910A4A95781908 /* Date+FormatDate.swift in Sources */,
			);
			runOnlyForDeploymentPostprocessing = 0;
		};
		26CBBE91284B55D300898FE6 /* Sources */ = {
			isa = PBXSourcesBuildPhase;
			buildActionMask = 2147483647;
			files = (
				26CBBE9A284B55D300898FE6 /* WeatherlyTests.swift in Sources */,
			);
			runOnlyForDeploymentPostprocessing = 0;
		};
		26CBBE9B284B55D300898FE6 /* Sources */ = {
			isa = PBXSourcesBuildPhase;
			buildActionMask = 2147483647;
			files = (
				26CBBEA6284B55D300898FE6 /* WeatherlyUITestsLaunchTests.swift in Sources */,
				26CBBEA4284B55D300898FE6 /* WeatherlyUITests.swift in Sources */,
			);
			runOnlyForDeploymentPostprocessing = 0;
		};
/* End PBXSourcesBuildPhase section */

/* Begin PBXTargetDependency section */
		26CBBE97284B55D300898FE6 /* PBXTargetDependency */ = {
			isa = PBXTargetDependency;
			target = 26CBBE7B284B55D000898FE6 /* Weatherly */;
			targetProxy = 26CBBE96284B55D300898FE6 /* PBXContainerItemProxy */;
		};
		26CBBEA1284B55D300898FE6 /* PBXTargetDependency */ = {
			isa = PBXTargetDependency;
			target = 26CBBE7B284B55D000898FE6 /* Weatherly */;
			targetProxy = 26CBBEA0284B55D300898FE6 /* PBXContainerItemProxy */;
		};
/* End PBXTargetDependency section */

/* Begin PBXVariantGroup section */
		26CBBE8D284B55D300898FE6 /* LaunchScreen.storyboard */ = {
			isa = PBXVariantGroup;
			children = (
				26CBBE8E284B55D300898FE6 /* Base */,
			);
			name = LaunchScreen.storyboard;
			sourceTree = "<group>";
		};
/* End PBXVariantGroup section */

/* Begin XCBuildConfiguration section */
		26CBBEA7284B55D300898FE6 /* Debug */ = {
			isa = XCBuildConfiguration;
			buildSettings = {
				ALWAYS_SEARCH_USER_PATHS = NO;
				CLANG_ANALYZER_NONNULL = YES;
				CLANG_ANALYZER_NUMBER_OBJECT_CONVERSION = YES_AGGRESSIVE;
				CLANG_CXX_LANGUAGE_STANDARD = "gnu++17";
				CLANG_ENABLE_MODULES = YES;
				CLANG_ENABLE_OBJC_ARC = YES;
				CLANG_ENABLE_OBJC_WEAK = YES;
				CLANG_WARN_BLOCK_CAPTURE_AUTORELEASING = YES;
				CLANG_WARN_BOOL_CONVERSION = YES;
				CLANG_WARN_COMMA = YES;
				CLANG_WARN_CONSTANT_CONVERSION = YES;
				CLANG_WARN_DEPRECATED_OBJC_IMPLEMENTATIONS = YES;
				CLANG_WARN_DIRECT_OBJC_ISA_USAGE = YES_ERROR;
				CLANG_WARN_DOCUMENTATION_COMMENTS = YES;
				CLANG_WARN_EMPTY_BODY = YES;
				CLANG_WARN_ENUM_CONVERSION = YES;
				CLANG_WARN_INFINITE_RECURSION = YES;
				CLANG_WARN_INT_CONVERSION = YES;
				CLANG_WARN_NON_LITERAL_NULL_CONVERSION = YES;
				CLANG_WARN_OBJC_IMPLICIT_RETAIN_SELF = YES;
				CLANG_WARN_OBJC_LITERAL_CONVERSION = YES;
				CLANG_WARN_OBJC_ROOT_CLASS = YES_ERROR;
				CLANG_WARN_QUOTED_INCLUDE_IN_FRAMEWORK_HEADER = YES;
				CLANG_WARN_RANGE_LOOP_ANALYSIS = YES;
				CLANG_WARN_STRICT_PROTOTYPES = YES;
				CLANG_WARN_SUSPICIOUS_MOVE = YES;
				CLANG_WARN_UNGUARDED_AVAILABILITY = YES_AGGRESSIVE;
				CLANG_WARN_UNREACHABLE_CODE = YES;
				CLANG_WARN__DUPLICATE_METHOD_MATCH = YES;
				COPY_PHASE_STRIP = NO;
				DEBUG_INFORMATION_FORMAT = dwarf;
				ENABLE_STRICT_OBJC_MSGSEND = YES;
				ENABLE_TESTABILITY = YES;
				GCC_C_LANGUAGE_STANDARD = gnu11;
				GCC_DYNAMIC_NO_PIC = NO;
				GCC_NO_COMMON_BLOCKS = YES;
				GCC_OPTIMIZATION_LEVEL = 0;
				GCC_PREPROCESSOR_DEFINITIONS = (
					"DEBUG=1",
					"$(inherited)",
				);
				GCC_WARN_64_TO_32_BIT_CONVERSION = YES;
				GCC_WARN_ABOUT_RETURN_TYPE = YES_ERROR;
				GCC_WARN_UNDECLARED_SELECTOR = YES;
				GCC_WARN_UNINITIALIZED_AUTOS = YES_AGGRESSIVE;
				GCC_WARN_UNUSED_FUNCTION = YES;
				GCC_WARN_UNUSED_VARIABLE = YES;
				IPHONEOS_DEPLOYMENT_TARGET = 15.5;
				MTL_ENABLE_DEBUG_INFO = INCLUDE_SOURCE;
				MTL_FAST_MATH = YES;
				ONLY_ACTIVE_ARCH = YES;
				SDKROOT = iphoneos;
				SWIFT_ACTIVE_COMPILATION_CONDITIONS = DEBUG;
				SWIFT_OPTIMIZATION_LEVEL = "-Onone";
			};
			name = Debug;
		};
		26CBBEA8284B55D300898FE6 /* Release */ = {
			isa = XCBuildConfiguration;
			buildSettings = {
				ALWAYS_SEARCH_USER_PATHS = NO;
				CLANG_ANALYZER_NONNULL = YES;
				CLANG_ANALYZER_NUMBER_OBJECT_CONVERSION = YES_AGGRESSIVE;
				CLANG_CXX_LANGUAGE_STANDARD = "gnu++17";
				CLANG_ENABLE_MODULES = YES;
				CLANG_ENABLE_OBJC_ARC = YES;
				CLANG_ENABLE_OBJC_WEAK = YES;
				CLANG_WARN_BLOCK_CAPTURE_AUTORELEASING = YES;
				CLANG_WARN_BOOL_CONVERSION = YES;
				CLANG_WARN_COMMA = YES;
				CLANG_WARN_CONSTANT_CONVERSION = YES;
				CLANG_WARN_DEPRECATED_OBJC_IMPLEMENTATIONS = YES;
				CLANG_WARN_DIRECT_OBJC_ISA_USAGE = YES_ERROR;
				CLANG_WARN_DOCUMENTATION_COMMENTS = YES;
				CLANG_WARN_EMPTY_BODY = YES;
				CLANG_WARN_ENUM_CONVERSION = YES;
				CLANG_WARN_INFINITE_RECURSION = YES;
				CLANG_WARN_INT_CONVERSION = YES;
				CLANG_WARN_NON_LITERAL_NULL_CONVERSION = YES;
				CLANG_WARN_OBJC_IMPLICIT_RETAIN_SELF = YES;
				CLANG_WARN_OBJC_LITERAL_CONVERSION = YES;
				CLANG_WARN_OBJC_ROOT_CLASS = YES_ERROR;
				CLANG_WARN_QUOTED_INCLUDE_IN_FRAMEWORK_HEADER = YES;
				CLANG_WARN_RANGE_LOOP_ANALYSIS = YES;
				CLANG_WARN_STRICT_PROTOTYPES = YES;
				CLANG_WARN_SUSPICIOUS_MOVE = YES;
				CLANG_WARN_UNGUARDED_AVAILABILITY = YES_AGGRESSIVE;
				CLANG_WARN_UNREACHABLE_CODE = YES;
				CLANG_WARN__DUPLICATE_METHOD_MATCH = YES;
				COPY_PHASE_STRIP = NO;
				DEBUG_INFORMATION_FORMAT = "dwarf-with-dsym";
				ENABLE_NS_ASSERTIONS = NO;
				ENABLE_STRICT_OBJC_MSGSEND = YES;
				GCC_C_LANGUAGE_STANDARD = gnu11;
				GCC_NO_COMMON_BLOCKS = YES;
				GCC_WARN_64_TO_32_BIT_CONVERSION = YES;
				GCC_WARN_ABOUT_RETURN_TYPE = YES_ERROR;
				GCC_WARN_UNDECLARED_SELECTOR = YES;
				GCC_WARN_UNINITIALIZED_AUTOS = YES_AGGRESSIVE;
				GCC_WARN_UNUSED_FUNCTION = YES;
				GCC_WARN_UNUSED_VARIABLE = YES;
				IPHONEOS_DEPLOYMENT_TARGET = 15.5;
				MTL_ENABLE_DEBUG_INFO = NO;
				MTL_FAST_MATH = YES;
				SDKROOT = iphoneos;
				SWIFT_COMPILATION_MODE = wholemodule;
				SWIFT_OPTIMIZATION_LEVEL = "-O";
				VALIDATE_PRODUCT = YES;
			};
			name = Release;
		};
		26CBBEAA284B55D300898FE6 /* Debug */ = {
			isa = XCBuildConfiguration;
			baseConfigurationReference = 70053DC95F45704A512B953A /* Pods-Weatherly.debug.xcconfig */;
			buildSettings = {
				ASSETCATALOG_COMPILER_APPICON_NAME = AppIcon;
				ASSETCATALOG_COMPILER_GLOBAL_ACCENT_COLOR_NAME = AccentColor;
				CODE_SIGN_STYLE = Automatic;
				CURRENT_PROJECT_VERSION = 1;
				GENERATE_INFOPLIST_FILE = YES;
				INFOPLIST_FILE = Weatherly/Info.plist;
				INFOPLIST_KEY_UIApplicationSupportsIndirectInputEvents = YES;
				INFOPLIST_KEY_UILaunchStoryboardName = LaunchScreen;
				INFOPLIST_KEY_UIMainStoryboardFile = Main;
				INFOPLIST_KEY_UISupportedInterfaceOrientations_iPad = "UIInterfaceOrientationPortrait UIInterfaceOrientationPortraitUpsideDown UIInterfaceOrientationLandscapeLeft UIInterfaceOrientationLandscapeRight";
				INFOPLIST_KEY_UISupportedInterfaceOrientations_iPhone = "UIInterfaceOrientationPortrait UIInterfaceOrientationLandscapeLeft UIInterfaceOrientationLandscapeRight";
				IPHONEOS_DEPLOYMENT_TARGET = 11.0;
				LD_RUNPATH_SEARCH_PATHS = (
					"$(inherited)",
					"@executable_path/Frameworks",
				);
				MARKETING_VERSION = 1.0;
				PRODUCT_BUNDLE_IDENTIFIER = com.bartosz.jasinski.Weatherly;
				PRODUCT_NAME = "$(TARGET_NAME)";
				SWIFT_EMIT_LOC_STRINGS = YES;
				SWIFT_VERSION = 5.0;
				TARGETED_DEVICE_FAMILY = "1,2";
			};
			name = Debug;
		};
		26CBBEAB284B55D300898FE6 /* Release */ = {
			isa = XCBuildConfiguration;
			baseConfigurationReference = D7E006F59972958D40919E53 /* Pods-Weatherly.release.xcconfig */;
			buildSettings = {
				ASSETCATALOG_COMPILER_APPICON_NAME = AppIcon;
				ASSETCATALOG_COMPILER_GLOBAL_ACCENT_COLOR_NAME = AccentColor;
				CODE_SIGN_STYLE = Automatic;
				CURRENT_PROJECT_VERSION = 1;
				GENERATE_INFOPLIST_FILE = YES;
				INFOPLIST_FILE = Weatherly/Info.plist;
				INFOPLIST_KEY_UIApplicationSupportsIndirectInputEvents = YES;
				INFOPLIST_KEY_UILaunchStoryboardName = LaunchScreen;
				INFOPLIST_KEY_UIMainStoryboardFile = Main;
				INFOPLIST_KEY_UISupportedInterfaceOrientations_iPad = "UIInterfaceOrientationPortrait UIInterfaceOrientationPortraitUpsideDown UIInterfaceOrientationLandscapeLeft UIInterfaceOrientationLandscapeRight";
				INFOPLIST_KEY_UISupportedInterfaceOrientations_iPhone = "UIInterfaceOrientationPortrait UIInterfaceOrientationLandscapeLeft UIInterfaceOrientationLandscapeRight";
				IPHONEOS_DEPLOYMENT_TARGET = 11.0;
				LD_RUNPATH_SEARCH_PATHS = (
					"$(inherited)",
					"@executable_path/Frameworks",
				);
				MARKETING_VERSION = 1.0;
				PRODUCT_BUNDLE_IDENTIFIER = com.bartosz.jasinski.Weatherly;
				PRODUCT_NAME = "$(TARGET_NAME)";
				SWIFT_EMIT_LOC_STRINGS = YES;
				SWIFT_VERSION = 5.0;
				TARGETED_DEVICE_FAMILY = "1,2";
			};
			name = Release;
		};
		26CBBEAD284B55D300898FE6 /* Debug */ = {
			isa = XCBuildConfiguration;
			baseConfigurationReference = 34AFEED86C73F5CA60570AD1 /* Pods-WeatherlyTests.debug.xcconfig */;
			buildSettings = {
				ALWAYS_EMBED_SWIFT_STANDARD_LIBRARIES = YES;
				BUNDLE_LOADER = "$(TEST_HOST)";
				CODE_SIGN_STYLE = Automatic;
				CURRENT_PROJECT_VERSION = 1;
				GENERATE_INFOPLIST_FILE = YES;
				IPHONEOS_DEPLOYMENT_TARGET = 15.5;
				MARKETING_VERSION = 1.0;
				PRODUCT_BUNDLE_IDENTIFIER = com.bartosz.jasinski.WeatherlyTests;
				PRODUCT_NAME = "$(TARGET_NAME)";
				SWIFT_EMIT_LOC_STRINGS = NO;
				SWIFT_VERSION = 5.0;
				TARGETED_DEVICE_FAMILY = "1,2";
				TEST_HOST = "$(BUILT_PRODUCTS_DIR)/Weatherly.app/Weatherly";
			};
			name = Debug;
		};
		26CBBEAE284B55D300898FE6 /* Release */ = {
			isa = XCBuildConfiguration;
			baseConfigurationReference = AEE5720908B1E44FF199DCFF /* Pods-WeatherlyTests.release.xcconfig */;
			buildSettings = {
				ALWAYS_EMBED_SWIFT_STANDARD_LIBRARIES = YES;
				BUNDLE_LOADER = "$(TEST_HOST)";
				CODE_SIGN_STYLE = Automatic;
				CURRENT_PROJECT_VERSION = 1;
				GENERATE_INFOPLIST_FILE = YES;
				IPHONEOS_DEPLOYMENT_TARGET = 15.5;
				MARKETING_VERSION = 1.0;
				PRODUCT_BUNDLE_IDENTIFIER = com.bartosz.jasinski.WeatherlyTests;
				PRODUCT_NAME = "$(TARGET_NAME)";
				SWIFT_EMIT_LOC_STRINGS = NO;
				SWIFT_VERSION = 5.0;
				TARGETED_DEVICE_FAMILY = "1,2";
				TEST_HOST = "$(BUILT_PRODUCTS_DIR)/Weatherly.app/Weatherly";
			};
			name = Release;
		};
		26CBBEB0284B55D300898FE6 /* Debug */ = {
			isa = XCBuildConfiguration;
			baseConfigurationReference = 30CFDB7709EE61C041AF13BA /* Pods-WeatherlyUITests.debug.xcconfig */;
			buildSettings = {
				ALWAYS_EMBED_SWIFT_STANDARD_LIBRARIES = YES;
				CODE_SIGN_STYLE = Automatic;
				CURRENT_PROJECT_VERSION = 1;
				GENERATE_INFOPLIST_FILE = YES;
				MARKETING_VERSION = 1.0;
				PRODUCT_BUNDLE_IDENTIFIER = com.bartosz.jasinski.WeatherlyUITests;
				PRODUCT_NAME = "$(TARGET_NAME)";
				SWIFT_EMIT_LOC_STRINGS = NO;
				SWIFT_VERSION = 5.0;
				TARGETED_DEVICE_FAMILY = "1,2";
				TEST_TARGET_NAME = Weatherly;
			};
			name = Debug;
		};
		26CBBEB1284B55D300898FE6 /* Release */ = {
			isa = XCBuildConfiguration;
			baseConfigurationReference = 38D0217119B9F0323D5825B5 /* Pods-WeatherlyUITests.release.xcconfig */;
			buildSettings = {
				ALWAYS_EMBED_SWIFT_STANDARD_LIBRARIES = YES;
				CODE_SIGN_STYLE = Automatic;
				CURRENT_PROJECT_VERSION = 1;
				GENERATE_INFOPLIST_FILE = YES;
				MARKETING_VERSION = 1.0;
				PRODUCT_BUNDLE_IDENTIFIER = com.bartosz.jasinski.WeatherlyUITests;
				PRODUCT_NAME = "$(TARGET_NAME)";
				SWIFT_EMIT_LOC_STRINGS = NO;
				SWIFT_VERSION = 5.0;
				TARGETED_DEVICE_FAMILY = "1,2";
				TEST_TARGET_NAME = Weatherly;
			};
			name = Release;
		};
/* End XCBuildConfiguration section */

/* Begin XCConfigurationList section */
		26CBBE77284B55D000898FE6 /* Build configuration list for PBXProject "Weatherly" */ = {
			isa = XCConfigurationList;
			buildConfigurations = (
				26CBBEA7284B55D300898FE6 /* Debug */,
				26CBBEA8284B55D300898FE6 /* Release */,
			);
			defaultConfigurationIsVisible = 0;
			defaultConfigurationName = Release;
		};
		26CBBEA9284B55D300898FE6 /* Build configuration list for PBXNativeTarget "Weatherly" */ = {
			isa = XCConfigurationList;
			buildConfigurations = (
				26CBBEAA284B55D300898FE6 /* Debug */,
				26CBBEAB284B55D300898FE6 /* Release */,
			);
			defaultConfigurationIsVisible = 0;
			defaultConfigurationName = Release;
		};
		26CBBEAC284B55D300898FE6 /* Build configuration list for PBXNativeTarget "WeatherlyTests" */ = {
			isa = XCConfigurationList;
			buildConfigurations = (
				26CBBEAD284B55D300898FE6 /* Debug */,
				26CBBEAE284B55D300898FE6 /* Release */,
			);
			defaultConfigurationIsVisible = 0;
			defaultConfigurationName = Release;
		};
		26CBBEAF284B55D300898FE6 /* Build configuration list for PBXNativeTarget "WeatherlyUITests" */ = {
			isa = XCConfigurationList;
			buildConfigurations = (
				26CBBEB0284B55D300898FE6 /* Debug */,
				26CBBEB1284B55D300898FE6 /* Release */,
			);
			defaultConfigurationIsVisible = 0;
			defaultConfigurationName = Release;
		};
/* End XCConfigurationList section */

/* Begin XCVersionGroup section */
		26CBBE88284B55D000898FE6 /* Weatherly.xcdatamodeld */ = {
			isa = XCVersionGroup;
			children = (
				26CBBE89284B55D000898FE6 /* Weatherly.xcdatamodel */,
			);
			currentVersion = 26CBBE89284B55D000898FE6 /* Weatherly.xcdatamodel */;
			path = Weatherly.xcdatamodeld;
			sourceTree = "<group>";
			versionGroupType = wrapper.xcdatamodel;
		};
/* End XCVersionGroup section */
	};
	rootObject = 26CBBE74284B55D000898FE6 /* Project object */;
}
